{
  "name": "selenium-standalone",
  "version": "6.19.0",
  "lockfileVersion": 1,
  "requires": true,
  "dependencies": {
    "@types/node": {
      "version": "14.6.4",
      "resolved": "https://registry.npmjs.org/@types/node/-/node-14.6.4.tgz",
      "integrity": "sha512-Wk7nG1JSaMfMpoMJDKUsWYugliB2Vy55pdjLpmLixeyMi7HizW2I/9QoxsPCkXl3dO+ZOVqPumKaDUv5zJu2uQ==",
      "dev": true,
      "optional": true
    },
    "@types/yauzl": {
      "version": "2.9.1",
      "resolved": "https://registry.npmjs.org/@types/yauzl/-/yauzl-2.9.1.tgz",
      "integrity": "sha512-A1b8SU4D10uoPjwb0lnHmmu8wZhR9d+9o2PKBQT2jU5YPTKsxac6M2qGAdY7VcL+dHHhARVUDmeg0rOrcd9EjA==",
      "dev": true,
      "optional": true,
      "requires": {
        "@types/node": "*"
      }
    },
    "buffer-crc32": {
      "version": "0.2.13",
      "resolved": "https://registry.npmjs.org/buffer-crc32/-/buffer-crc32-0.2.13.tgz",
      "integrity": "sha1-DTM+PwDqxQqhRUq9MO+MKl2ackI=",
      "dev": true
    },
    "edge-paths": {
      "version": "2.1.0",
      "resolved": "https://registry.npmjs.org/edge-paths/-/edge-paths-2.1.0.tgz",
      "integrity": "sha512-ZpIN1Vm5hlo9dkkST/1s8QqPNne2uwk3Plf6HcVUhnpfal0WnDRLdNj/wdQo3xRc+wnN3C25wPpPlV2E6aOunQ==",
      "dev": true
    },
    "end-of-stream": {
      "version": "1.4.4",
      "resolved": "https://registry.npmjs.org/end-of-stream/-/end-of-stream-1.4.4.tgz",
      "integrity": "sha512-+uw1inIHVPQoaVuHzRyXd21icM+cnt4CzD5rW+NC1wjOUSTOs+Te7FOv7AhN7vS9x/oIyhLP5PR1H+phQAHu5Q==",
      "dev": true,
      "requires": {
        "once": "^1.4.0"
      }
    },
    "extract-zip": {
      "version": "2.0.1",
      "resolved": "https://registry.npmjs.org/extract-zip/-/extract-zip-2.0.1.tgz",
      "integrity": "sha512-GDhU9ntwuKyGXdZBUgTIe+vXnWj0fppUEtMDL0+idd5Sta8TGpHssn/eusA9mrPr9qNDym6SxAYZjNvCn/9RBg==",
      "dev": true,
      "requires": {
        "@types/yauzl": "^2.9.1",
        "debug": "^4.1.1",
        "get-stream": "^5.1.0",
        "yauzl": "^2.10.0"
      },
      "dependencies": {
        "debug": {
          "version": "4.1.1",
          "resolved": "https://registry.npmjs.org/debug/-/debug-4.1.1.tgz",
          "integrity": "sha512-pYAIzeRo8J6KPEaJ0VWOh5Pzkbw/RetuzehGM7QRRX5he4fPHx2rdKMB256ehJCkX+XRQm16eZLqLNS8RSZXZw==",
          "dev": true,
          "requires": {
            "ms": "^2.1.1"
          }
        },
        "yauzl": {
          "version": "2.10.0",
          "resolved": "https://registry.npmjs.org/yauzl/-/yauzl-2.10.0.tgz",
          "integrity": "sha1-x+sXyT4RLLEIb6bY5R+wZnt5pfk=",
          "dev": true,
          "requires": {
            "buffer-crc32": "~0.2.3",
            "fd-slicer": "~1.1.0"
          }
        }
      }
    },
    "fd-slicer": {
      "version": "1.1.0",
      "resolved": "https://registry.npmjs.org/fd-slicer/-/fd-slicer-1.1.0.tgz",
      "integrity": "sha1-JcfInLH5B3+IkbvmHY85Dq4lbx4=",
      "dev": true,
      "requires": {
        "pend": "~1.2.0"
      }
    },
    "get-stream": {
      "version": "5.2.0",
      "resolved": "https://registry.npmjs.org/get-stream/-/get-stream-5.2.0.tgz",
      "integrity": "sha512-nBF+F1rAZVCu/p7rjzgA+Yb4lfYXrpl7a6VmJrU8wF9I1CKvP/QwPNZHnOlwbTkY6dvtFIzFMSyQXbLoTQPRpA==",
      "dev": true,
      "requires": {
        "pump": "^3.0.0"
      }
    },
    "ms": {
      "version": "2.1.2",
      "resolved": "https://registry.npmjs.org/ms/-/ms-2.1.2.tgz",
      "integrity": "sha512-sGkPx+VjMtmA6MX27oA4FBFELFCZZ4S4XqeGOXCv68tT+jb3vk/RyaKWP0PTKyWtmLSM0b+adUTEvbs1PEaH2w==",
      "dev": true
    },
    "once": {
      "version": "1.4.0",
      "resolved": "https://registry.npmjs.org/once/-/once-1.4.0.tgz",
      "integrity": "sha1-WDsap3WWHUsROsF9nFC6753Xa9E=",
      "dev": true,
      "requires": {
        "wrappy": "1"
      }
    },
    "pend": {
      "version": "1.2.0",
      "resolved": "https://registry.npmjs.org/pend/-/pend-1.2.0.tgz",
      "integrity": "sha1-elfrVQpng/kRUzH89GY9XI4AelA=",
      "dev": true
    },
    "pump": {
      "version": "3.0.0",
      "resolved": "https://registry.npmjs.org/pump/-/pump-3.0.0.tgz",
      "integrity": "sha512-LwZy+p3SFs1Pytd/jYct4wpv49HiYCqd9Rlc5ZVdk0V+8Yzv6jR5Blk3TRmPL1ft69TxP0IMZGJ+WPFU2BFhww==",
      "dev": true,
      "requires": {
        "end-of-stream": "^1.1.0",
        "once": "^1.3.1"
      }
    },
    "wrappy": {
      "version": "1.0.2",
      "resolved": "https://registry.npmjs.org/wrappy/-/wrappy-1.0.2.tgz",
      "integrity": "sha1-tSQ9jz7BqjXxNkYFvA0QNuMKtp8=",
      "dev": true
    }
  }
}
